
Microsoft Visual Studio Solution File, Format Version 12.00
# Visual Studio Version 17
VisualStudioVersion = 17.6.33829.357
MinimumVisualStudioVersion = 10.0.40219.1
Project("{FAE04EC0-301F-11D3-BF4B-00C04F79EFBC}") = "BMW.CoolRest.Mvc", "BMW.CoolRest.Mvc\BMW.CoolRest.Mvc.csproj", "{27A2C549-21A8-499E-B8C5-8ACEC2819CEF}"
EndProject
Global
	GlobalSection(SolutionConfigurationPlatforms) = preSolution
		Debug|Any CPU = Debug|Any CPU
		Release|Any CPU = Release|Any CPU
	EndGlobalSection
	GlobalSection(ProjectConfigurationPlatforms) = postSolution
		{27A2C549-21A8-499E-B8C5-8ACEC2819CEF}.Debug|Any CPU.ActiveCfg = Debug|Any CPU
		{27A2C549-21A8-499E-B8C5-8ACEC2819CEF}.Debug|Any CPU.Build.0 = Debug|Any CPU
		{27A2C549-21A8-499E-B8C5-8ACEC2819CEF}.Release|Any CPU.ActiveCfg = Release|Any CPU
		{27A2C549-21A8-499E-B8C5-8ACEC2819CEF}.Release|Any CPU.Build.0 = Release|Any CPU
	EndGlobalSection
	GlobalSection(SolutionProperties) = preSolution
		HideSolutionNode = FALSE
	EndGlobalSection
	GlobalSection(ExtensibilityGlobals) = postSolution
		SolutionGuid = {485355BC-5705-40EE-B5B6-485CF15785AE}
	EndGlobalSection
EndGlobal
